dependencies:
- name: mariadb
  repository: https://charts.bitnami.com/bitnami
  version: 11.5.7
- name: phpmyadmin
  repository: https://charts.bitnami.com/bitnami
  version: 10.4.6
- name: powerdns-admin
  repository: https://k8s-at-home.com/charts/
  version: 1.2.2
digest: sha256:7b5afc52f1f2e6c3c261aebb2747ff516ba0d5a30aa65767674882733c9ad34d
generated: "2025-11-22T11:39:38.6848203+08:00"
